<?xml version="1.0" encoding="UTF-8"?>
<!DOCTYPE plist PUBLIC "-//Apple//DTD PLIST 1.0//EN" "http://www.apple.com/DTDs/PropertyList-1.0.dtd">
<plist version="1.0">
<dict>
	<key>archiveVersion</key>
	<string>1</string>
	<key>classes</key>
	<dict/>
	<key>objectVersion</key>
	<string>46</string>
	<key>objects</key>
	<dict>
		<key>484E0B35804B4496A4C80DE5</key>
		<dict>
			<key>includeInIndex</key>
			<string>1</string>
			<key>isa</key>
			<string>PBXFileReference</string>
			<key>lastKnownFileType</key>
			<string>text.xcconfig</string>
			<key>name</key>
			<string>Pods.xcconfig</string>
			<key>path</key>
			<string>Pods/Pods.xcconfig</string>
			<key>sourceTree</key>
			<string>SOURCE_ROOT</string>
		</dict>
		<key>4F14C1D717999FD80043B1D4</key>
		<dict>
			<key>children</key>
			<array>
				<string>4F44AEF217ECE08D001AF95B</string>
				<string>4FEFE04617EA2D05004AF076</string>
				<string>4FEFE03517E8D81D004AF076</string>
				<string>4FEFE02617E7ABFE004AF076</string>
				<string>4FEFE02517E7ABE8004AF076</string>
				<string>4F14C1E917999FD90043B1D4</string>
				<string>4F14C20D17999FD90043B1D4</string>
				<string>4F14C1E217999FD80043B1D4</string>
				<string>4F14C1E117999FD80043B1D4</string>
				<string>484E0B35804B4496A4C80DE5</string>
			</array>
			<key>isa</key>
			<string>PBXGroup</string>
			<key>sourceTree</key>
			<string>&lt;group&gt;</string>
		</dict>
		<key>4F14C1D817999FD80043B1D4</key>
		<dict>
			<key>attributes</key>
			<dict>
				<key>CLASSPREFIX</key>
				<string>MF</string>
				<key>LastUpgradeCheck</key>
				<string>0460</string>
				<key>ORGANIZATIONNAME</key>
				<string>UWF</string>
			</dict>
			<key>buildConfigurationList</key>
			<string>4F14C1DB17999FD80043B1D4</string>
			<key>compatibilityVersion</key>
			<string>Xcode 3.2</string>
			<key>developmentRegion</key>
			<string>English</string>
			<key>hasScannedForEncodings</key>
			<string>0</string>
			<key>isa</key>
			<string>PBXProject</string>
			<key>knownRegions</key>
			<array>
				<string>en</string>
			</array>
			<key>mainGroup</key>
			<string>4F14C1D717999FD80043B1D4</string>
			<key>productRefGroup</key>
			<string>4F14C1E117999FD80043B1D4</string>
			<key>projectDirPath</key>
			<string></string>
			<key>projectReferences</key>
			<array/>
			<key>projectRoot</key>
			<string></string>
			<key>targets</key>
			<array>
				<string>4F14C1DF17999FD80043B1D4</string>
				<string>4F14C20517999FD90043B1D4</string>
			</array>
		</dict>
		<key>4F14C1DB17999FD80043B1D4</key>
		<dict>
			<key>buildConfigurations</key>
			<array>
				<string>4F14C21617999FD90043B1D4</string>
				<string>4F14C21717999FD90043B1D4</string>
			</array>
			<key>defaultConfigurationIsVisible</key>
			<string>0</string>
			<key>defaultConfigurationName</key>
			<string>Release</string>
			<key>isa</key>
			<string>XCConfigurationList</string>
		</dict>
		<key>4F14C1DC17999FD80043B1D4</key>
		<dict>
			<key>buildActionMask</key>
			<string>2147483647</string>
			<key>files</key>
			<array>
				<string>4FEFE04F17EA5324004AF076</string>
				<string>4FEFE03A17E8D8DC004AF076</string>
				<string>4FEFE04C17EA3142004AF076</string>
				<string>4FEFE03117E7AE48004AF076</string>
				<string>4F44AEFE17F0D002001AF95B</string>
				<string>4F14C1F017999FD90043B1D4</string>
				<string>4FEFE03D17E8DCED004AF076</string>
				<string>4F44AEF817F09BB9001AF95B</string>
				<string>4F14C1F417999FD90043B1D4</string>
				<string>4FE7BA7F179F286E0025DAF7</string>
				<string>4F44AEF017ECD176001AF95B</string>
				<string>4FEFE03217E7AE48004AF076</string>
				<string>4FEFE02917E7ACD8004AF076</string>
				<string>4F14C1FD17999FD90043B1D4</string>
				<string>4F44AEFB17F0CE8D001AF95B</string>
				<string>4F44AEEA17ECAEA1001AF95B</string>
				<string>4FEFE04517E8FD0F004AF076</string>
				<string>4FEFE03017E7AE48004AF076</string>
				<string>4F14C2201799BA160043B1D4</string>
				<string>4F44AEED17ECCB6B001AF95B</string>
				<string>4FEFE04917EA2D05004AF076</string>
				<string>4F97803617A31C7A0093294A</string>
			</array>
			<key>isa</key>
			<string>PBXSourcesBuildPhase</string>
			<key>runOnlyForDeploymentPostprocessing</key>
			<string>0</string>
		</dict>
		<key>4F14C1DD17999FD80043B1D4</key>
		<dict>
			<key>buildActionMask</key>
			<string>2147483647</string>
			<key>files</key>
			<array>
				<string>4FEFE03F17E8E0E1004AF076</string>
				<string>4F14C1E417999FD90043B1D4</string>
				<string>4F14C1E617999FD90043B1D4</string>
				<string>4F14C1E817999FD90043B1D4</string>
				<string>A6EC6446E55741C89ACA59A2</string>
			</array>
			<key>isa</key>
			<string>PBXFrameworksBuildPhase</string>
			<key>runOnlyForDeploymentPostprocessing</key>
			<string>0</string>
		</dict>
		<key>4F14C1DE17999FD80043B1D4</key>
		<dict>
			<key>buildActionMask</key>
			<string>2147483647</string>
			<key>files</key>
			<array>
				<string>4F14C1EE17999FD90043B1D4</string>
				<string>4F14C1F617999FD90043B1D4</string>
				<string>4FDFE0CA17F9DC71008D31D4</string>
				<string>4FEFE03417E7B10A004AF076</string>
				<string>4F69F7A317F4CB61007D6510</string>
				<string>4F14C1F817999FD90043B1D4</string>
				<string>4F14C1FA17999FD90043B1D4</string>
				<string>4FDFE0BB17F5D7B8008D31D4</string>
				<string>4F69F79F17F4CB3E007D6510</string>
				<string>4FFA9C0C17F391F300F6FF32</string>
				<string>4FDFE0CB17F9DC71008D31D4</string>
				<string>4F97803717A31C7A0093294A</string>
				<string>4FDFE0CC17F9DC71008D31D4</string>
				<string>4FDFE0CE17FA00B3008D31D4</string>
				<string>4FFA9C0517F2381900F6FF32</string>
				<string>4FDFE0BC17F5D7B8008D31D4</string>
				<string>4F69F7A217F4CB61007D6510</string>
				<string>4FFA9C0D17F391F300F6FF32</string>
				<string>4FDFE0C917F9DC71008D31D4</string>
			</array>
			<key>isa</key>
			<string>PBXResourcesBuildPhase</string>
			<key>runOnlyForDeploymentPostprocessing</key>
			<string>0</string>
		</dict>
		<key>4F14C1DF17999FD80043B1D4</key>
		<dict>
			<key>buildConfigurationList</key>
			<string>4F14C21817999FD90043B1D4</string>
			<key>buildPhases</key>
			<array>
				<string>CBFF98B194E54FCC84077702</string>
				<string>4F14C1DC17999FD80043B1D4</string>
				<string>4F14C1DD17999FD80043B1D4</string>
				<string>4F14C1DE17999FD80043B1D4</string>
				<string>92476B46B9424E2681235AE4</string>
			</array>
			<key>buildRules</key>
			<array/>
			<key>dependencies</key>
			<array/>
			<key>isa</key>
			<string>PBXNativeTarget</string>
			<key>name</key>
			<string>MathFractions</string>
			<key>productName</key>
			<string>MathFractions</string>
			<key>productReference</key>
			<string>4F14C1E017999FD80043B1D4</string>
			<key>productType</key>
			<string>com.apple.product-type.application</string>
		</dict>
		<key>4F14C1E017999FD80043B1D4</key>
		<dict>
			<key>explicitFileType</key>
			<string>wrapper.application</string>
			<key>includeInIndex</key>
			<string>0</string>
			<key>isa</key>
			<string>PBXFileReference</string>
			<key>path</key>
			<string>MathFractions.app</string>
			<key>sourceTree</key>
			<string>BUILT_PRODUCTS_DIR</string>
		</dict>
		<key>4F14C1E117999FD80043B1D4</key>
		<dict>
			<key>children</key>
			<array>
				<string>4F14C1E017999FD80043B1D4</string>
				<string>4F14C20617999FD90043B1D4</string>
			</array>
			<key>isa</key>
			<string>PBXGroup</string>
			<key>name</key>
			<string>Products</string>
			<key>sourceTree</key>
			<string>&lt;group&gt;</string>
		</dict>
		<key>4F14C1E217999FD80043B1D4</key>
		<dict>
			<key>children</key>
			<array>
				<string>4FEFE03E17E8E0E1004AF076</string>
				<string>4F14C1E317999FD80043B1D4</string>
				<string>4F14C1E517999FD90043B1D4</string>
				<string>4F14C1E717999FD90043B1D4</string>
				<string>4F14C20717999FD90043B1D4</string>
				<string>CDAA783D0BE8466CA2DC1E4B</string>
			</array>
			<key>isa</key>
			<string>PBXGroup</string>
			<key>name</key>
			<string>Frameworks</string>
			<key>sourceTree</key>
			<string>&lt;group&gt;</string>
		</dict>
		<key>4F14C1E317999FD80043B1D4</key>
		<dict>
			<key>isa</key>
			<string>PBXFileReference</string>
			<key>lastKnownFileType</key>
			<string>wrapper.framework</string>
			<key>name</key>
			<string>UIKit.framework</string>
			<key>path</key>
			<string>System/Library/Frameworks/UIKit.framework</string>
			<key>sourceTree</key>
			<string>SDKROOT</string>
		</dict>
		<key>4F14C1E417999FD90043B1D4</key>
		<dict>
			<key>fileRef</key>
			<string>4F14C1E317999FD80043B1D4</string>
			<key>isa</key>
			<string>PBXBuildFile</string>
		</dict>
		<key>4F14C1E517999FD90043B1D4</key>
		<dict>
			<key>isa</key>
			<string>PBXFileReference</string>
			<key>lastKnownFileType</key>
			<string>wrapper.framework</string>
			<key>name</key>
			<string>Foundation.framework</string>
			<key>path</key>
			<string>System/Library/Frameworks/Foundation.framework</string>
			<key>sourceTree</key>
			<string>SDKROOT</string>
		</dict>
		<key>4F14C1E617999FD90043B1D4</key>
		<dict>
			<key>fileRef</key>
			<string>4F14C1E517999FD90043B1D4</string>
			<key>isa</key>
			<string>PBXBuildFile</string>
		</dict>
		<key>4F14C1E717999FD90043B1D4</key>
		<dict>
			<key>isa</key>
			<string>PBXFileReference</string>
			<key>lastKnownFileType</key>
			<string>wrapper.framework</string>
			<key>name</key>
			<string>CoreGraphics.framework</string>
			<key>path</key>
			<string>System/Library/Frameworks/CoreGraphics.framework</string>
			<key>sourceTree</key>
			<string>SDKROOT</string>
		</dict>
		<key>4F14C1E817999FD90043B1D4</key>
		<dict>
			<key>fileRef</key>
			<string>4F14C1E717999FD90043B1D4</string>
			<key>isa</key>
			<string>PBXBuildFile</string>
		</dict>
		<key>4F14C1E917999FD90043B1D4</key>
		<dict>
			<key>children</key>
			<array>
				<string>4FEFE04017E8E299004AF076</string>
				<string>4FEFE04117E8E2A6004AF076</string>
				<string>4FEFE03317E7B10A004AF076</string>
				<string>4FEFE04217E8ED4B004AF076</string>
				<string>4F14C1EA17999FD90043B1D4</string>
			</array>
			<key>isa</key>
			<string>PBXGroup</string>
			<key>path</key>
			<string>MathFractions</string>
			<key>sourceTree</key>
			<string>&lt;group&gt;</string>
		</dict>
		<key>4F14C1EA17999FD90043B1D4</key>
		<dict>
			<key>children</key>
			<array>
				<string>4F14C1EB17999FD90043B1D4</string>
				<string>4F14C1EC17999FD90043B1D4</string>
				<string>4F14C1EF17999FD90043B1D4</string>
				<string>4F14C1F117999FD90043B1D4</string>
				<string>4F44AEF617F09BB9001AF95B</string>
				<string>4F44AEF717F09BB9001AF95B</string>
				<string>4F14C1F517999FD90043B1D4</string>
				<string>4F14C1F717999FD90043B1D4</string>
				<string>4F14C1F917999FD90043B1D4</string>
			</array>
			<key>isa</key>
			<string>PBXGroup</string>
			<key>name</key>
			<string>Supporting Files</string>
			<key>sourceTree</key>
			<string>&lt;group&gt;</string>
		</dict>
		<key>4F14C1EB17999FD90043B1D4</key>
		<dict>
			<key>isa</key>
			<string>PBXFileReference</string>
			<key>lastKnownFileType</key>
			<string>text.plist.xml</string>
			<key>path</key>
			<string>MathFractions-Info.plist</string>
			<key>sourceTree</key>
			<string>&lt;group&gt;</string>
		</dict>
		<key>4F14C1EC17999FD90043B1D4</key>
		<dict>
			<key>children</key>
			<array>
				<string>4F14C1ED17999FD90043B1D4</string>
			</array>
			<key>isa</key>
			<string>PBXVariantGroup</string>
			<key>name</key>
			<string>InfoPlist.strings</string>
			<key>sourceTree</key>
			<string>&lt;group&gt;</string>
		</dict>
		<key>4F14C1ED17999FD90043B1D4</key>
		<dict>
			<key>isa</key>
			<string>PBXFileReference</string>
			<key>lastKnownFileType</key>
			<string>text.plist.strings</string>
			<key>name</key>
			<string>en</string>
			<key>path</key>
			<string>en.lproj/InfoPlist.strings</string>
			<key>sourceTree</key>
			<string>&lt;group&gt;</string>
		</dict>
		<key>4F14C1EE17999FD90043B1D4</key>
		<dict>
			<key>fileRef</key>
			<string>4F14C1EC17999FD90043B1D4</string>
			<key>isa</key>
			<string>PBXBuildFile</string>
		</dict>
		<key>4F14C1EF17999FD90043B1D4</key>
		<dict>
			<key>isa</key>
			<string>PBXFileReference</string>
			<key>lastKnownFileType</key>
			<string>sourcecode.c.objc</string>
			<key>path</key>
			<string>main.m</string>
			<key>sourceTree</key>
			<string>&lt;group&gt;</string>
		</dict>
		<key>4F14C1F017999FD90043B1D4</key>
		<dict>
			<key>fileRef</key>
			<string>4F14C1EF17999FD90043B1D4</string>
			<key>isa</key>
			<string>PBXBuildFile</string>
		</dict>
		<key>4F14C1F117999FD90043B1D4</key>
		<dict>
			<key>isa</key>
			<string>PBXFileReference</string>
			<key>lastKnownFileType</key>
			<string>sourcecode.c.h</string>
			<key>path</key>
			<string>MathFractions-Prefix.pch</string>
			<key>sourceTree</key>
			<string>&lt;group&gt;</string>
		</dict>
		<key>4F14C1F217999FD90043B1D4</key>
		<dict>
			<key>isa</key>
			<string>PBXFileReference</string>
			<key>lastKnownFileType</key>
			<string>sourcecode.c.h</string>
			<key>path</key>
			<string>MFAppDelegate.h</string>
			<key>sourceTree</key>
			<string>&lt;group&gt;</string>
		</dict>
		<key>4F14C1F317999FD90043B1D4</key>
		<dict>
			<key>isa</key>
			<string>PBXFileReference</string>
			<key>lastKnownFileType</key>
			<string>sourcecode.c.objc</string>
			<key>path</key>
			<string>MFAppDelegate.m</string>
			<key>sourceTree</key>
			<string>&lt;group&gt;</string>
		</dict>
		<key>4F14C1F417999FD90043B1D4</key>
		<dict>
			<key>fileRef</key>
			<string>4F14C1F317999FD90043B1D4</string>
			<key>isa</key>
			<string>PBXBuildFile</string>
		</dict>
		<key>4F14C1F517999FD90043B1D4</key>
		<dict>
			<key>isa</key>
			<string>PBXFileReference</string>
			<key>lastKnownFileType</key>
			<string>image.png</string>
			<key>path</key>
			<string>Default.png</string>
			<key>sourceTree</key>
			<string>&lt;group&gt;</string>
		</dict>
		<key>4F14C1F617999FD90043B1D4</key>
		<dict>
			<key>fileRef</key>
			<string>4F14C1F517999FD90043B1D4</string>
			<key>isa</key>
			<string>PBXBuildFile</string>
		</dict>
		<key>4F14C1F717999FD90043B1D4</key>
		<dict>
			<key>isa</key>
			<string>PBXFileReference</string>
			<key>lastKnownFileType</key>
			<string>image.png</string>
			<key>path</key>
			<string>Default@2x.png</string>
			<key>sourceTree</key>
			<string>&lt;group&gt;</string>
		</dict>
		<key>4F14C1F817999FD90043B1D4</key>
		<dict>
			<key>fileRef</key>
			<string>4F14C1F717999FD90043B1D4</string>
			<key>isa</key>
			<string>PBXBuildFile</string>
		</dict>
		<key>4F14C1F917999FD90043B1D4</key>
		<dict>
			<key>isa</key>
			<string>PBXFileReference</string>
			<key>lastKnownFileType</key>
			<string>image.png</string>
			<key>path</key>
			<string>Default-568h@2x.png</string>
			<key>sourceTree</key>
			<string>&lt;group&gt;</string>
		</dict>
		<key>4F14C1FA17999FD90043B1D4</key>
		<dict>
			<key>fileRef</key>
			<string>4F14C1F917999FD90043B1D4</string>
			<key>isa</key>
			<string>PBXBuildFile</string>
		</dict>
		<key>4F14C1FB17999FD90043B1D4</key>
		<dict>
			<key>isa</key>
			<string>PBXFileReference</string>
			<key>lastKnownFileType</key>
			<string>sourcecode.c.h</string>
			<key>path</key>
			<string>MFViewController.h</string>
			<key>sourceTree</key>
			<string>&lt;group&gt;</string>
		</dict>
		<key>4F14C1FC17999FD90043B1D4</key>
		<dict>
			<key>isa</key>
			<string>PBXFileReference</string>
			<key>lastKnownFileType</key>
			<string>sourcecode.c.objc</string>
			<key>path</key>
			<string>MFViewController.m</string>
			<key>sourceTree</key>
			<string>&lt;group&gt;</string>
		</dict>
		<key>4F14C1FD17999FD90043B1D4</key>
		<dict>
			<key>fileRef</key>
			<string>4F14C1FC17999FD90043B1D4</string>
			<key>isa</key>
			<string>PBXBuildFile</string>
		</dict>
		<key>4F14C20117999FD90043B1D4</key>
		<dict>
			<key>buildActionMask</key>
			<string>2147483647</string>
			<key>files</key>
			<array>
				<string>4F14C21517999FD90043B1D4</string>
			</array>
			<key>isa</key>
			<string>PBXSourcesBuildPhase</string>
			<key>runOnlyForDeploymentPostprocessing</key>
			<string>0</string>
		</dict>
		<key>4F14C20217999FD90043B1D4</key>
		<dict>
			<key>buildActionMask</key>
			<string>2147483647</string>
			<key>files</key>
			<array>
				<string>4F14C20817999FD90043B1D4</string>
				<string>4F14C20917999FD90043B1D4</string>
				<string>4F14C20A17999FD90043B1D4</string>
			</array>
			<key>isa</key>
			<string>PBXFrameworksBuildPhase</string>
			<key>runOnlyForDeploymentPostprocessing</key>
			<string>0</string>
		</dict>
		<key>4F14C20317999FD90043B1D4</key>
		<dict>
			<key>buildActionMask</key>
			<string>2147483647</string>
			<key>files</key>
			<array>
				<string>4F14C21217999FD90043B1D4</string>
			</array>
			<key>isa</key>
			<string>PBXResourcesBuildPhase</string>
			<key>runOnlyForDeploymentPostprocessing</key>
			<string>0</string>
		</dict>
		<key>4F14C20417999FD90043B1D4</key>
		<dict>
			<key>buildActionMask</key>
			<string>2147483647</string>
			<key>files</key>
			<array/>
			<key>inputPaths</key>
			<array/>
			<key>isa</key>
			<string>PBXShellScriptBuildPhase</string>
			<key>outputPaths</key>
			<array/>
			<key>runOnlyForDeploymentPostprocessing</key>
			<string>0</string>
			<key>shellPath</key>
			<string>/bin/sh</string>
			<key>shellScript</key>
			<string># Run the unit tests in this test bundle.
"${SYSTEM_DEVELOPER_DIR}/Tools/RunUnitTests"
</string>
		</dict>
		<key>4F14C20517999FD90043B1D4</key>
		<dict>
			<key>buildConfigurationList</key>
			<string>4F14C21B17999FD90043B1D4</string>
			<key>buildPhases</key>
			<array>
				<string>4F14C20117999FD90043B1D4</string>
				<string>4F14C20217999FD90043B1D4</string>
				<string>4F14C20317999FD90043B1D4</string>
				<string>4F14C20417999FD90043B1D4</string>
			</array>
			<key>buildRules</key>
			<array/>
			<key>dependencies</key>
			<array>
				<string>4F14C20C17999FD90043B1D4</string>
			</array>
			<key>isa</key>
			<string>PBXNativeTarget</string>
			<key>name</key>
			<string>MathFractionsTests</string>
			<key>productName</key>
			<string>MathFractionsTests</string>
			<key>productReference</key>
			<string>4F14C20617999FD90043B1D4</string>
			<key>productType</key>
			<string>com.apple.product-type.bundle</string>
		</dict>
		<key>4F14C20617999FD90043B1D4</key>
		<dict>
			<key>explicitFileType</key>
			<string>wrapper.cfbundle</string>
			<key>includeInIndex</key>
			<string>0</string>
			<key>isa</key>
			<string>PBXFileReference</string>
			<key>path</key>
			<string>MathFractionsTests.octest</string>
			<key>sourceTree</key>
			<string>BUILT_PRODUCTS_DIR</string>
		</dict>
		<key>4F14C20717999FD90043B1D4</key>
		<dict>
			<key>isa</key>
			<string>PBXFileReference</string>
			<key>lastKnownFileType</key>
			<string>wrapper.framework</string>
			<key>name</key>
			<string>SenTestingKit.framework</string>
			<key>path</key>
			<string>Library/Frameworks/SenTestingKit.framework</string>
			<key>sourceTree</key>
			<string>DEVELOPER_DIR</string>
		</dict>
		<key>4F14C20817999FD90043B1D4</key>
		<dict>
			<key>fileRef</key>
			<string>4F14C20717999FD90043B1D4</string>
			<key>isa</key>
			<string>PBXBuildFile</string>
		</dict>
		<key>4F14C20917999FD90043B1D4</key>
		<dict>
			<key>fileRef</key>
			<string>4F14C1E317999FD80043B1D4</string>
			<key>isa</key>
			<string>PBXBuildFile</string>
		</dict>
		<key>4F14C20A17999FD90043B1D4</key>
		<dict>
			<key>fileRef</key>
			<string>4F14C1E517999FD90043B1D4</string>
			<key>isa</key>
			<string>PBXBuildFile</string>
		</dict>
		<key>4F14C20B17999FD90043B1D4</key>
		<dict>
			<key>containerPortal</key>
			<string>4F14C1D817999FD80043B1D4</string>
			<key>isa</key>
			<string>PBXContainerItemProxy</string>
			<key>proxyType</key>
			<string>1</string>
			<key>remoteGlobalIDString</key>
			<string>4F14C1DF17999FD80043B1D4</string>
			<key>remoteInfo</key>
			<string>MathFractions</string>
		</dict>
		<key>4F14C20C17999FD90043B1D4</key>
		<dict>
			<key>isa</key>
			<string>PBXTargetDependency</string>
			<key>target</key>
			<string>4F14C1DF17999FD80043B1D4</string>
			<key>targetProxy</key>
			<string>4F14C20B17999FD90043B1D4</string>
		</dict>
		<key>4F14C20D17999FD90043B1D4</key>
		<dict>
			<key>children</key>
			<array>
				<string>4F14C21317999FD90043B1D4</string>
				<string>4F14C21417999FD90043B1D4</string>
				<string>4F14C20E17999FD90043B1D4</string>
			</array>
			<key>isa</key>
			<string>PBXGroup</string>
			<key>path</key>
			<string>MathFractionsTests</string>
			<key>sourceTree</key>
			<string>&lt;group&gt;</string>
		</dict>
		<key>4F14C20E17999FD90043B1D4</key>
		<dict>
			<key>children</key>
			<array>
				<string>4F14C20F17999FD90043B1D4</string>
				<string>4F14C21017999FD90043B1D4</string>
			</array>
			<key>isa</key>
			<string>PBXGroup</string>
			<key>name</key>
			<string>Supporting Files</string>
			<key>sourceTree</key>
			<string>&lt;group&gt;</string>
		</dict>
		<key>4F14C20F17999FD90043B1D4</key>
		<dict>
			<key>isa</key>
			<string>PBXFileReference</string>
			<key>lastKnownFileType</key>
			<string>text.plist.xml</string>
			<key>path</key>
			<string>MathFractionsTests-Info.plist</string>
			<key>sourceTree</key>
			<string>&lt;group&gt;</string>
		</dict>
		<key>4F14C21017999FD90043B1D4</key>
		<dict>
			<key>children</key>
			<array>
				<string>4F14C21117999FD90043B1D4</string>
			</array>
			<key>isa</key>
			<string>PBXVariantGroup</string>
			<key>name</key>
			<string>InfoPlist.strings</string>
			<key>sourceTree</key>
			<string>&lt;group&gt;</string>
		</dict>
		<key>4F14C21117999FD90043B1D4</key>
		<dict>
			<key>isa</key>
			<string>PBXFileReference</string>
			<key>lastKnownFileType</key>
			<string>text.plist.strings</string>
			<key>name</key>
			<string>en</string>
			<key>path</key>
			<string>en.lproj/InfoPlist.strings</string>
			<key>sourceTree</key>
			<string>&lt;group&gt;</string>
		</dict>
		<key>4F14C21217999FD90043B1D4</key>
		<dict>
			<key>fileRef</key>
			<string>4F14C21017999FD90043B1D4</string>
			<key>isa</key>
			<string>PBXBuildFile</string>
		</dict>
		<key>4F14C21317999FD90043B1D4</key>
		<dict>
			<key>isa</key>
			<string>PBXFileReference</string>
			<key>lastKnownFileType</key>
			<string>sourcecode.c.h</string>
			<key>path</key>
			<string>MathFractionsTests.h</string>
			<key>sourceTree</key>
			<string>&lt;group&gt;</string>
		</dict>
		<key>4F14C21417999FD90043B1D4</key>
		<dict>
			<key>isa</key>
			<string>PBXFileReference</string>
			<key>lastKnownFileType</key>
			<string>sourcecode.c.objc</string>
			<key>path</key>
			<string>MathFractionsTests.m</string>
			<key>sourceTree</key>
			<string>&lt;group&gt;</string>
		</dict>
		<key>4F14C21517999FD90043B1D4</key>
		<dict>
			<key>fileRef</key>
			<string>4F14C21417999FD90043B1D4</string>
			<key>isa</key>
			<string>PBXBuildFile</string>
		</dict>
		<key>4F14C21617999FD90043B1D4</key>
		<dict>
			<key>buildSettings</key>
			<dict>
				<key>ALWAYS_SEARCH_USER_PATHS</key>
				<string>NO</string>
				<key>CLANG_CXX_LANGUAGE_STANDARD</key>
				<string>gnu++0x</string>
				<key>CLANG_CXX_LIBRARY</key>
				<string>libc++</string>
				<key>CLANG_ENABLE_OBJC_ARC</key>
				<string>YES</string>
				<key>CLANG_WARN_CONSTANT_CONVERSION</key>
				<string>YES</string>
				<key>CLANG_WARN_EMPTY_BODY</key>
				<string>YES</string>
				<key>CLANG_WARN_ENUM_CONVERSION</key>
				<string>YES</string>
				<key>CLANG_WARN_INT_CONVERSION</key>
				<string>YES</string>
				<key>CLANG_WARN__DUPLICATE_METHOD_MATCH</key>
				<string>YES</string>
				<key>CODE_SIGN_IDENTITY[sdk=iphoneos*]</key>
				<string>iPhone Developer</string>
				<key>COPY_PHASE_STRIP</key>
				<string>NO</string>
				<key>GCC_C_LANGUAGE_STANDARD</key>
				<string>gnu99</string>
				<key>GCC_DYNAMIC_NO_PIC</key>
				<string>NO</string>
				<key>GCC_OPTIMIZATION_LEVEL</key>
				<string>0</string>
				<key>GCC_PREPROCESSOR_DEFINITIONS</key>
				<array>
					<string>DEBUG=1</string>
					<string>$(inherited)</string>
				</array>
				<key>GCC_SYMBOLS_PRIVATE_EXTERN</key>
				<string>NO</string>
				<key>GCC_WARN_ABOUT_RETURN_TYPE</key>
				<string>YES</string>
				<key>GCC_WARN_UNINITIALIZED_AUTOS</key>
				<string>YES</string>
				<key>GCC_WARN_UNUSED_VARIABLE</key>
				<string>YES</string>
				<key>IPHONEOS_DEPLOYMENT_TARGET</key>
				<string>6.1</string>
				<key>ONLY_ACTIVE_ARCH</key>
				<string>YES</string>
				<key>SDKROOT</key>
				<string>iphoneos</string>
				<key>TARGETED_DEVICE_FAMILY</key>
				<string>2</string>
			</dict>
			<key>isa</key>
			<string>XCBuildConfiguration</string>
			<key>name</key>
			<string>Debug</string>
		</dict>
		<key>4F14C21717999FD90043B1D4</key>
		<dict>
			<key>buildSettings</key>
			<dict>
				<key>ALWAYS_SEARCH_USER_PATHS</key>
				<string>NO</string>
				<key>CLANG_CXX_LANGUAGE_STANDARD</key>
				<string>gnu++0x</string>
				<key>CLANG_CXX_LIBRARY</key>
				<string>libc++</string>
				<key>CLANG_ENABLE_OBJC_ARC</key>
				<string>YES</string>
				<key>CLANG_WARN_CONSTANT_CONVERSION</key>
				<string>YES</string>
				<key>CLANG_WARN_EMPTY_BODY</key>
				<string>YES</string>
				<key>CLANG_WARN_ENUM_CONVERSION</key>
				<string>YES</string>
				<key>CLANG_WARN_INT_CONVERSION</key>
				<string>YES</string>
				<key>CLANG_WARN__DUPLICATE_METHOD_MATCH</key>
				<string>YES</string>
				<key>CODE_SIGN_IDENTITY[sdk=iphoneos*]</key>
				<string>iPhone Developer</string>
				<key>COPY_PHASE_STRIP</key>
				<string>YES</string>
				<key>GCC_C_LANGUAGE_STANDARD</key>
				<string>gnu99</string>
				<key>GCC_WARN_ABOUT_RETURN_TYPE</key>
				<string>YES</string>
				<key>GCC_WARN_UNINITIALIZED_AUTOS</key>
				<string>YES</string>
				<key>GCC_WARN_UNUSED_VARIABLE</key>
				<string>YES</string>
				<key>IPHONEOS_DEPLOYMENT_TARGET</key>
				<string>6.1</string>
				<key>OTHER_CFLAGS</key>
				<string>-DNS_BLOCK_ASSERTIONS=1</string>
				<key>SDKROOT</key>
				<string>iphoneos</string>
				<key>TARGETED_DEVICE_FAMILY</key>
				<string>2</string>
				<key>VALIDATE_PRODUCT</key>
				<string>YES</string>
			</dict>
			<key>isa</key>
			<string>XCBuildConfiguration</string>
			<key>name</key>
			<string>Release</string>
		</dict>
		<key>4F14C21817999FD90043B1D4</key>
		<dict>
			<key>buildConfigurations</key>
			<array>
				<string>4F14C21917999FD90043B1D4</string>
				<string>4F14C21A17999FD90043B1D4</string>
			</array>
			<key>defaultConfigurationIsVisible</key>
			<string>0</string>
			<key>defaultConfigurationName</key>
			<string>Release</string>
			<key>isa</key>
			<string>XCConfigurationList</string>
		</dict>
		<key>4F14C21917999FD90043B1D4</key>
		<dict>
			<key>baseConfigurationReference</key>
			<string>484E0B35804B4496A4C80DE5</string>
			<key>buildSettings</key>
			<dict>
				<key>GCC_PRECOMPILE_PREFIX_HEADER</key>
				<string>YES</string>
				<key>GCC_PREFIX_HEADER</key>
				<string>MathFractions/MathFractions-Prefix.pch</string>
				<key>INFOPLIST_FILE</key>
				<string>MathFractions/MathFractions-Info.plist</string>
				<key>PRODUCT_NAME</key>
				<string>$(TARGET_NAME)</string>
				<key>WRAPPER_EXTENSION</key>
				<string>app</string>
			</dict>
			<key>isa</key>
			<string>XCBuildConfiguration</string>
			<key>name</key>
			<string>Debug</string>
		</dict>
		<key>4F14C21A17999FD90043B1D4</key>
		<dict>
			<key>baseConfigurationReference</key>
			<string>484E0B35804B4496A4C80DE5</string>
			<key>buildSettings</key>
			<dict>
				<key>GCC_PRECOMPILE_PREFIX_HEADER</key>
				<string>YES</string>
				<key>GCC_PREFIX_HEADER</key>
				<string>MathFractions/MathFractions-Prefix.pch</string>
				<key>INFOPLIST_FILE</key>
				<string>MathFractions/MathFractions-Info.plist</string>
				<key>PRODUCT_NAME</key>
				<string>$(TARGET_NAME)</string>
				<key>WRAPPER_EXTENSION</key>
				<string>app</string>
			</dict>
			<key>isa</key>
			<string>XCBuildConfiguration</string>
			<key>name</key>
			<string>Release</string>
		</dict>
		<key>4F14C21B17999FD90043B1D4</key>
		<dict>
			<key>buildConfigurations</key>
			<array>
				<string>4F14C21C17999FD90043B1D4</string>
				<string>4F14C21D17999FD90043B1D4</string>
			</array>
			<key>defaultConfigurationIsVisible</key>
			<string>0</string>
			<key>defaultConfigurationName</key>
			<string>Release</string>
			<key>isa</key>
			<string>XCConfigurationList</string>
		</dict>
		<key>4F14C21C17999FD90043B1D4</key>
		<dict>
			<key>buildSettings</key>
			<dict>
				<key>BUNDLE_LOADER</key>
				<string>$(BUILT_PRODUCTS_DIR)/MathFractions.app/MathFractions</string>
				<key>FRAMEWORK_SEARCH_PATHS</key>
				<array>
					<string>"$(SDKROOT)/Developer/Library/Frameworks"</string>
					<string>"$(DEVELOPER_LIBRARY_DIR)/Frameworks"</string>
				</array>
				<key>GCC_PRECOMPILE_PREFIX_HEADER</key>
				<string>YES</string>
				<key>GCC_PREFIX_HEADER</key>
				<string>MathFractions/MathFractions-Prefix.pch</string>
				<key>INFOPLIST_FILE</key>
				<string>MathFractionsTests/MathFractionsTests-Info.plist</string>
				<key>PRODUCT_NAME</key>
				<string>$(TARGET_NAME)</string>
				<key>TEST_HOST</key>
				<string>$(BUNDLE_LOADER)</string>
				<key>WRAPPER_EXTENSION</key>
				<string>octest</string>
			</dict>
			<key>isa</key>
			<string>XCBuildConfiguration</string>
			<key>name</key>
			<string>Debug</string>
		</dict>
		<key>4F14C21D17999FD90043B1D4</key>
		<dict>
			<key>buildSettings</key>
			<dict>
				<key>BUNDLE_LOADER</key>
				<string>$(BUILT_PRODUCTS_DIR)/MathFractions.app/MathFractions</string>
				<key>FRAMEWORK_SEARCH_PATHS</key>
				<array>
					<string>"$(SDKROOT)/Developer/Library/Frameworks"</string>
					<string>"$(DEVELOPER_LIBRARY_DIR)/Frameworks"</string>
				</array>
				<key>GCC_PRECOMPILE_PREFIX_HEADER</key>
				<string>YES</string>
				<key>GCC_PREFIX_HEADER</key>
				<string>MathFractions/MathFractions-Prefix.pch</string>
				<key>INFOPLIST_FILE</key>
				<string>MathFractionsTests/MathFractionsTests-Info.plist</string>
				<key>PRODUCT_NAME</key>
				<string>$(TARGET_NAME)</string>
				<key>TEST_HOST</key>
				<string>$(BUNDLE_LOADER)</string>
				<key>WRAPPER_EXTENSION</key>
				<string>octest</string>
			</dict>
			<key>isa</key>
			<string>XCBuildConfiguration</string>
			<key>name</key>
			<string>Release</string>
		</dict>
		<key>4F14C21E1799BA160043B1D4</key>
		<dict>
			<key>fileEncoding</key>
			<string>4</string>
			<key>isa</key>
			<string>PBXFileReference</string>
			<key>lastKnownFileType</key>
			<string>sourcecode.c.h</string>
			<key>path</key>
			<string>NumberLinePieceView.h</string>
			<key>sourceTree</key>
			<string>&lt;group&gt;</string>
		</dict>
		<key>4F14C21F1799BA160043B1D4</key>
		<dict>
			<key>fileEncoding</key>
			<string>4</string>
			<key>isa</key>
			<string>PBXFileReference</string>
			<key>lastKnownFileType</key>
			<string>sourcecode.c.objc</string>
			<key>path</key>
			<string>NumberLinePieceView.m</string>
			<key>sourceTree</key>
			<string>&lt;group&gt;</string>
		</dict>
		<key>4F14C2201799BA160043B1D4</key>
		<dict>
			<key>fileRef</key>
			<string>4F14C21F1799BA160043B1D4</string>
			<key>isa</key>
			<string>PBXBuildFile</string>
		</dict>
		<key>4F44AEE817ECAEA1001AF95B</key>
		<dict>
			<key>fileEncoding</key>
			<string>4</string>
			<key>isa</key>
			<string>PBXFileReference</string>
			<key>lastKnownFileType</key>
			<string>sourcecode.c.h</string>
			<key>name</key>
			<string>MFFractionView.h</string>
			<key>path</key>
			<string>Utilities/MFFractionView.h</string>
			<key>sourceTree</key>
			<string>&lt;group&gt;</string>
		</dict>
		<key>4F44AEE917ECAEA1001AF95B</key>
		<dict>
			<key>fileEncoding</key>
			<string>4</string>
			<key>isa</key>
			<string>PBXFileReference</string>
			<key>lastKnownFileType</key>
			<string>sourcecode.c.objc</string>
			<key>name</key>
			<string>MFFractionView.m</string>
			<key>path</key>
			<string>Utilities/MFFractionView.m</string>
			<key>sourceTree</key>
			<string>&lt;group&gt;</string>
		</dict>
		<key>4F44AEEA17ECAEA1001AF95B</key>
		<dict>
			<key>fileRef</key>
			<string>4F44AEE917ECAEA1001AF95B</string>
			<key>isa</key>
			<string>PBXBuildFile</string>
		</dict>
		<key>4F44AEEB17ECCB6B001AF95B</key>
		<dict>
			<key>fileEncoding</key>
			<string>4</string>
			<key>isa</key>
			<string>PBXFileReference</string>
			<key>lastKnownFileType</key>
			<string>sourcecode.c.h</string>
			<key>name</key>
			<string>MFActivityModel.h</string>
			<key>path</key>
			<string>Utilities/MFActivityModel.h</string>
			<key>sourceTree</key>
			<string>SOURCE_ROOT</string>
		</dict>
		<key>4F44AEEC17ECCB6B001AF95B</key>
		<dict>
			<key>fileEncoding</key>
			<string>4</string>
			<key>isa</key>
			<string>PBXFileReference</string>
			<key>lastKnownFileType</key>
			<string>sourcecode.c.objc</string>
			<key>name</key>
			<string>MFActivityModel.m</string>
			<key>path</key>
			<string>Utilities/MFActivityModel.m</string>
			<key>sourceTree</key>
			<string>SOURCE_ROOT</string>
		</dict>
		<key>4F44AEED17ECCB6B001AF95B</key>
		<dict>
			<key>fileRef</key>
			<string>4F44AEEC17ECCB6B001AF95B</string>
			<key>isa</key>
			<string>PBXBuildFile</string>
		</dict>
		<key>4F44AEEE17ECD176001AF95B</key>
		<dict>
			<key>fileEncoding</key>
			<string>4</string>
			<key>isa</key>
			<string>PBXFileReference</string>
			<key>lastKnownFileType</key>
			<string>sourcecode.c.h</string>
			<key>name</key>
			<string>MFQuestionSet.h</string>
			<key>path</key>
			<string>Utilities/MFQuestionSet.h</string>
			<key>sourceTree</key>
			<string>&lt;group&gt;</string>
		</dict>
		<key>4F44AEEF17ECD176001AF95B</key>
		<dict>
			<key>fileEncoding</key>
			<string>4</string>
			<key>isa</key>
			<string>PBXFileReference</string>
			<key>lastKnownFileType</key>
			<string>sourcecode.c.objc</string>
			<key>name</key>
			<string>MFQuestionSet.m</string>
			<key>path</key>
			<string>Utilities/MFQuestionSet.m</string>
			<key>sourceTree</key>
			<string>&lt;group&gt;</string>
		</dict>
		<key>4F44AEF017ECD176001AF95B</key>
		<dict>
			<key>fileRef</key>
			<string>4F44AEEF17ECD176001AF95B</string>
			<key>isa</key>
			<string>PBXBuildFile</string>
		</dict>
		<key>4F44AEF117ECDE82001AF95B</key>
		<dict>
			<key>fileEncoding</key>
			<string>4</string>
			<key>isa</key>
			<string>PBXFileReference</string>
			<key>lastKnownFileType</key>
			<string>sourcecode.c.h</string>
			<key>name</key>
			<string>MFPracticeRequiredMethods.h</string>
			<key>path</key>
			<string>Utilities/MFPracticeRequiredMethods.h</string>
			<key>sourceTree</key>
			<string>&lt;group&gt;</string>
		</dict>
		<key>4F44AEF217ECE08D001AF95B</key>
		<dict>
			<key>children</key>
			<array>
				<string>4FEFE03B17E8DCED004AF076</string>
				<string>4FEFE03C17E8DCED004AF076</string>
				<string>4FEFE04A17EA3142004AF076</string>
				<string>4FEFE04B17EA3142004AF076</string>
				<string>4FEFE03817E8D8DC004AF076</string>
				<string>4FEFE03917E8D8DC004AF076</string>
				<string>4F44AEEB17ECCB6B001AF95B</string>
				<string>4F44AEEC17ECCB6B001AF95B</string>
				<string>4F44AEF917F0CE8D001AF95B</string>
				<string>4F44AEFA17F0CE8D001AF95B</string>
				<string>4F44AEFC17F0D002001AF95B</string>
				<string>4F44AEFD17F0D002001AF95B</string>
			</array>
			<key>isa</key>
			<string>PBXGroup</string>
			<key>name</key>
			<string>Model</string>
			<key>sourceTree</key>
			<string>&lt;group&gt;</string>
		</dict>
		<key>4F44AEF617F09BB9001AF95B</key>
		<dict>
			<key>fileEncoding</key>
			<string>4</string>
			<key>isa</key>
			<string>PBXFileReference</string>
			<key>lastKnownFileType</key>
			<string>sourcecode.c.h</string>
			<key>name</key>
			<string>NSArray+RandomArray.h</string>
			<key>path</key>
			<string>Utilities/NSArray+RandomArray.h</string>
			<key>sourceTree</key>
			<string>SOURCE_ROOT</string>
		</dict>
		<key>4F44AEF717F09BB9001AF95B</key>
		<dict>
			<key>fileEncoding</key>
			<string>4</string>
			<key>isa</key>
			<string>PBXFileReference</string>
			<key>lastKnownFileType</key>
			<string>sourcecode.c.objc</string>
			<key>name</key>
			<string>NSArray+RandomArray.m</string>
			<key>path</key>
			<string>Utilities/NSArray+RandomArray.m</string>
			<key>sourceTree</key>
			<string>SOURCE_ROOT</string>
		</dict>
		<key>4F44AEF817F09BB9001AF95B</key>
		<dict>
			<key>fileRef</key>
			<string>4F44AEF717F09BB9001AF95B</string>
			<key>isa</key>
			<string>PBXBuildFile</string>
		</dict>
		<key>4F44AEF917F0CE8D001AF95B</key>
		<dict>
			<key>fileEncoding</key>
			<string>4</string>
			<key>isa</key>
			<string>PBXFileReference</string>
			<key>lastKnownFileType</key>
			<string>sourcecode.c.h</string>
			<key>name</key>
			<string>MFUser.h</string>
			<key>path</key>
			<string>Utilities/MFUser.h</string>
			<key>sourceTree</key>
			<string>&lt;group&gt;</string>
		</dict>
		<key>4F44AEFA17F0CE8D001AF95B</key>
		<dict>
			<key>fileEncoding</key>
			<string>4</string>
			<key>isa</key>
			<string>PBXFileReference</string>
			<key>lastKnownFileType</key>
			<string>sourcecode.c.objc</string>
			<key>name</key>
			<string>MFUser.m</string>
			<key>path</key>
			<string>Utilities/MFUser.m</string>
			<key>sourceTree</key>
			<string>&lt;group&gt;</string>
		</dict>
		<key>4F44AEFB17F0CE8D001AF95B</key>
		<dict>
			<key>fileRef</key>
			<string>4F44AEFA17F0CE8D001AF95B</string>
			<key>isa</key>
			<string>PBXBuildFile</string>
		</dict>
		<key>4F44AEFC17F0D002001AF95B</key>
		<dict>
			<key>fileEncoding</key>
			<string>4</string>
			<key>isa</key>
			<string>PBXFileReference</string>
			<key>lastKnownFileType</key>
			<string>sourcecode.c.h</string>
			<key>path</key>
			<string>MFAttempt.h</string>
			<key>sourceTree</key>
			<string>&lt;group&gt;</string>
		</dict>
		<key>4F44AEFD17F0D002001AF95B</key>
		<dict>
			<key>fileEncoding</key>
			<string>4</string>
			<key>isa</key>
			<string>PBXFileReference</string>
			<key>lastKnownFileType</key>
			<string>sourcecode.c.objc</string>
			<key>path</key>
			<string>MFAttempt.m</string>
			<key>sourceTree</key>
			<string>&lt;group&gt;</string>
		</dict>
		<key>4F44AEFE17F0D002001AF95B</key>
		<dict>
			<key>fileRef</key>
			<string>4F44AEFD17F0D002001AF95B</string>
			<key>isa</key>
			<string>PBXBuildFile</string>
		</dict>
		<key>4F69F79E17F4CB3E007D6510</key>
		<dict>
			<key>isa</key>
			<string>PBXFileReference</string>
			<key>lastKnownFileType</key>
			<string>image.png</string>
			<key>path</key>
			<string>map.png</string>
			<key>sourceTree</key>
			<string>&lt;group&gt;</string>
		</dict>
		<key>4F69F79F17F4CB3E007D6510</key>
		<dict>
			<key>fileRef</key>
			<string>4F69F79E17F4CB3E007D6510</string>
			<key>isa</key>
			<string>PBXBuildFile</string>
		</dict>
		<key>4F69F7A017F4CB61007D6510</key>
		<dict>
			<key>isa</key>
			<string>PBXFileReference</string>
			<key>lastKnownFileType</key>
			<string>image.png</string>
			<key>path</key>
			<string>selectedDot.png</string>
			<key>sourceTree</key>
			<string>&lt;group&gt;</string>
		</dict>
		<key>4F69F7A117F4CB61007D6510</key>
		<dict>
			<key>isa</key>
			<string>PBXFileReference</string>
			<key>lastKnownFileType</key>
			<string>image.png</string>
			<key>path</key>
			<string>unselectedDot.png</string>
			<key>sourceTree</key>
			<string>&lt;group&gt;</string>
		</dict>
		<key>4F69F7A217F4CB61007D6510</key>
		<dict>
			<key>fileRef</key>
			<string>4F69F7A017F4CB61007D6510</string>
			<key>isa</key>
			<string>PBXBuildFile</string>
		</dict>
		<key>4F69F7A317F4CB61007D6510</key>
		<dict>
			<key>fileRef</key>
			<string>4F69F7A117F4CB61007D6510</string>
			<key>isa</key>
			<string>PBXBuildFile</string>
		</dict>
		<key>4F97803317A31C7A0093294A</key>
		<dict>
			<key>fileEncoding</key>
			<string>4</string>
			<key>isa</key>
			<string>PBXFileReference</string>
			<key>lastKnownFileType</key>
			<string>sourcecode.c.h</string>
			<key>path</key>
			<string>PracticeViewController.h</string>
			<key>sourceTree</key>
			<string>&lt;group&gt;</string>
		</dict>
		<key>4F97803417A31C7A0093294A</key>
		<dict>
			<key>fileEncoding</key>
			<string>4</string>
			<key>isa</key>
			<string>PBXFileReference</string>
			<key>lastKnownFileType</key>
			<string>sourcecode.c.objc</string>
			<key>path</key>
			<string>PracticeViewController.m</string>
			<key>sourceTree</key>
			<string>&lt;group&gt;</string>
		</dict>
		<key>4F97803517A31C7A0093294A</key>
		<dict>
			<key>fileEncoding</key>
			<string>4</string>
			<key>isa</key>
			<string>PBXFileReference</string>
			<key>lastKnownFileType</key>
			<string>file.xib</string>
			<key>path</key>
			<string>PracticeViewController.xib</string>
			<key>sourceTree</key>
			<string>&lt;group&gt;</string>
		</dict>
		<key>4F97803617A31C7A0093294A</key>
		<dict>
			<key>fileRef</key>
			<string>4F97803417A31C7A0093294A</string>
			<key>isa</key>
			<string>PBXBuildFile</string>
		</dict>
		<key>4F97803717A31C7A0093294A</key>
		<dict>
			<key>fileRef</key>
			<string>4F97803517A31C7A0093294A</string>
			<key>isa</key>
			<string>PBXBuildFile</string>
		</dict>
		<key>4FDFE0B917F5D7B8008D31D4</key>
		<dict>
			<key>isa</key>
			<string>PBXFileReference</string>
			<key>lastKnownFileType</key>
			<string>image.png</string>
			<key>path</key>
			<string>happy.png</string>
			<key>sourceTree</key>
			<string>&lt;group&gt;</string>
		</dict>
		<key>4FDFE0BA17F5D7B8008D31D4</key>
		<dict>
			<key>isa</key>
			<string>PBXFileReference</string>
			<key>lastKnownFileType</key>
			<string>image.png</string>
			<key>path</key>
			<string>sad.png</string>
			<key>sourceTree</key>
			<string>&lt;group&gt;</string>
		</dict>
		<key>4FDFE0BB17F5D7B8008D31D4</key>
		<dict>
			<key>fileRef</key>
			<string>4FDFE0B917F5D7B8008D31D4</string>
			<key>isa</key>
			<string>PBXBuildFile</string>
		</dict>
		<key>4FDFE0BC17F5D7B8008D31D4</key>
		<dict>
			<key>fileRef</key>
			<string>4FDFE0BA17F5D7B8008D31D4</string>
			<key>isa</key>
			<string>PBXBuildFile</string>
		</dict>
		<key>4FDFE0C417F9DC55008D31D4</key>
		<dict>
			<key>children</key>
			<array>
				<string>4FDFE0C517F9DC71008D31D4</string>
				<string>4FDFE0C617F9DC71008D31D4</string>
				<string>4FDFE0C717F9DC71008D31D4</string>
				<string>4FDFE0C817F9DC71008D31D4</string>
				<string>4FDFE0B917F5D7B8008D31D4</string>
				<string>4FDFE0BA17F5D7B8008D31D4</string>
				<string>4FDFE0CD17FA00B3008D31D4</string>
			</array>
			<key>isa</key>
			<string>PBXGroup</string>
			<key>name</key>
			<string>Fractio</string>
			<key>sourceTree</key>
			<string>&lt;group&gt;</string>
		</dict>
		<key>4FDFE0C517F9DC71008D31D4</key>
		<dict>
			<key>isa</key>
			<string>PBXFileReference</string>
			<key>lastKnownFileType</key>
			<string>image.png</string>
			<key>path</key>
			<string>walk4.png</string>
			<key>sourceTree</key>
			<string>&lt;group&gt;</string>
		</dict>
		<key>4FDFE0C617F9DC71008D31D4</key>
		<dict>
			<key>isa</key>
			<string>PBXFileReference</string>
			<key>lastKnownFileType</key>
			<string>image.png</string>
			<key>path</key>
			<string>walk3.png</string>
			<key>sourceTree</key>
			<string>&lt;group&gt;</string>
		</dict>
		<key>4FDFE0C717F9DC71008D31D4</key>
		<dict>
			<key>isa</key>
			<string>PBXFileReference</string>
			<key>lastKnownFileType</key>
			<string>image.png</string>
			<key>path</key>
			<string>walk2.png</string>
			<key>sourceTree</key>
			<string>&lt;group&gt;</string>
		</dict>
		<key>4FDFE0C817F9DC71008D31D4</key>
		<dict>
			<key>isa</key>
			<string>PBXFileReference</string>
			<key>lastKnownFileType</key>
			<string>image.png</string>
			<key>path</key>
			<string>walk1.png</string>
			<key>sourceTree</key>
			<string>&lt;group&gt;</string>
		</dict>
		<key>4FDFE0C917F9DC71008D31D4</key>
		<dict>
			<key>fileRef</key>
			<string>4FDFE0C517F9DC71008D31D4</string>
			<key>isa</key>
			<string>PBXBuildFile</string>
		</dict>
		<key>4FDFE0CA17F9DC71008D31D4</key>
		<dict>
			<key>fileRef</key>
			<string>4FDFE0C617F9DC71008D31D4</string>
			<key>isa</key>
			<string>PBXBuildFile</string>
		</dict>
		<key>4FDFE0CB17F9DC71008D31D4</key>
		<dict>
			<key>fileRef</key>
			<string>4FDFE0C717F9DC71008D31D4</string>
			<key>isa</key>
			<string>PBXBuildFile</string>
		</dict>
		<key>4FDFE0CC17F9DC71008D31D4</key>
		<dict>
			<key>fileRef</key>
			<string>4FDFE0C817F9DC71008D31D4</string>
			<key>isa</key>
			<string>PBXBuildFile</string>
		</dict>
		<key>4FDFE0CD17FA00B3008D31D4</key>
		<dict>
			<key>isa</key>
			<string>PBXFileReference</string>
			<key>lastKnownFileType</key>
			<string>image.png</string>
			<key>path</key>
			<string>fractio.png</string>
			<key>sourceTree</key>
			<string>&lt;group&gt;</string>
		</dict>
		<key>4FDFE0CE17FA00B3008D31D4</key>
		<dict>
			<key>fileRef</key>
			<string>4FDFE0CD17FA00B3008D31D4</string>
			<key>isa</key>
			<string>PBXBuildFile</string>
		</dict>
		<key>4FE7BA7D179F286B0025DAF7</key>
		<dict>
			<key>isa</key>
			<string>PBXFileReference</string>
			<key>lastKnownFileType</key>
			<string>sourcecode.c.h</string>
			<key>path</key>
			<string>Segment.h</string>
			<key>sourceTree</key>
			<string>&lt;group&gt;</string>
		</dict>
		<key>4FE7BA7E179F286B0025DAF7</key>
		<dict>
			<key>isa</key>
			<string>PBXFileReference</string>
			<key>lastKnownFileType</key>
			<string>sourcecode.c.objc</string>
			<key>path</key>
			<string>Segment.m</string>
			<key>sourceTree</key>
			<string>&lt;group&gt;</string>
		</dict>
		<key>4FE7BA7F179F286E0025DAF7</key>
		<dict>
			<key>fileRef</key>
			<string>4FE7BA7E179F286B0025DAF7</string>
			<key>isa</key>
			<string>PBXBuildFile</string>
		</dict>
		<key>4FEFE02517E7ABE8004AF076</key>
		<dict>
			<key>children</key>
			<array>
				<string>4FEFE02A17E7AE48004AF076</string>
				<string>4FEFE02B17E7AE48004AF076</string>
				<string>4FEFE02C17E7AE48004AF076</string>
				<string>4FEFE02D17E7AE48004AF076</string>
				<string>4FEFE02E17E7AE48004AF076</string>
				<string>4FEFE02F17E7AE48004AF076</string>
			</array>
			<key>isa</key>
			<string>PBXGroup</string>
			<key>name</key>
			<string>Intro</string>
			<key>sourceTree</key>
			<string>&lt;group&gt;</string>
		</dict>
		<key>4FEFE02617E7ABFE004AF076</key>
		<dict>
			<key>children</key>
			<array>
				<string>4FEFE02717E7ACD8004AF076</string>
				<string>4FEFE02817E7ACD8004AF076</string>
				<string>4F14C21E1799BA160043B1D4</string>
				<string>4F14C21F1799BA160043B1D4</string>
				<string>4FEFE04317E8FD0F004AF076</string>
				<string>4FEFE04417E8FD0F004AF076</string>
				<string>4F44AEE817ECAEA1001AF95B</string>
				<string>4F44AEE917ECAEA1001AF95B</string>
				<string>4FE7BA7D179F286B0025DAF7</string>
				<string>4FE7BA7E179F286B0025DAF7</string>
				<string>4F44AEEE17ECD176001AF95B</string>
				<string>4F44AEEF17ECD176001AF95B</string>
				<string>4FEFE04D17EA5324004AF076</string>
				<string>4FEFE04E17EA5324004AF076</string>
				<string>4F44AEF117ECDE82001AF95B</string>
			</array>
			<key>isa</key>
			<string>PBXGroup</string>
			<key>name</key>
			<string>ActivityView</string>
			<key>sourceTree</key>
			<string>&lt;group&gt;</string>
		</dict>
		<key>4FEFE02717E7ACD8004AF076</key>
		<dict>
			<key>fileEncoding</key>
			<string>4</string>
			<key>isa</key>
			<string>PBXFileReference</string>
			<key>lastKnownFileType</key>
			<string>sourcecode.c.h</string>
			<key>path</key>
			<string>ATCScaleView.h</string>
			<key>sourceTree</key>
			<string>&lt;group&gt;</string>
		</dict>
		<key>4FEFE02817E7ACD8004AF076</key>
		<dict>
			<key>fileEncoding</key>
			<string>4</string>
			<key>isa</key>
			<string>PBXFileReference</string>
			<key>lastKnownFileType</key>
			<string>sourcecode.c.objc</string>
			<key>path</key>
			<string>ATCScaleView.m</string>
			<key>sourceTree</key>
			<string>&lt;group&gt;</string>
		</dict>
		<key>4FEFE02917E7ACD8004AF076</key>
		<dict>
			<key>fileRef</key>
			<string>4FEFE02817E7ACD8004AF076</string>
			<key>isa</key>
			<string>PBXBuildFile</string>
		</dict>
		<key>4FEFE02A17E7AE48004AF076</key>
		<dict>
			<key>fileEncoding</key>
			<string>4</string>
			<key>isa</key>
			<string>PBXFileReference</string>
			<key>lastKnownFileType</key>
			<string>sourcecode.c.h</string>
			<key>path</key>
			<string>KxIntroView.h</string>
			<key>sourceTree</key>
			<string>&lt;group&gt;</string>
		</dict>
		<key>4FEFE02B17E7AE48004AF076</key>
		<dict>
			<key>fileEncoding</key>
			<string>4</string>
			<key>isa</key>
			<string>PBXFileReference</string>
			<key>lastKnownFileType</key>
			<string>sourcecode.c.objc</string>
			<key>path</key>
			<string>KxIntroView.m</string>
			<key>sourceTree</key>
			<string>&lt;group&gt;</string>
		</dict>
		<key>4FEFE02C17E7AE48004AF076</key>
		<dict>
			<key>fileEncoding</key>
			<string>4</string>
			<key>isa</key>
			<string>PBXFileReference</string>
			<key>lastKnownFileType</key>
			<string>sourcecode.c.h</string>
			<key>path</key>
			<string>KxIntroViewController.h</string>
			<key>sourceTree</key>
			<string>&lt;group&gt;</string>
		</dict>
		<key>4FEFE02D17E7AE48004AF076</key>
		<dict>
			<key>fileEncoding</key>
			<string>4</string>
			<key>isa</key>
			<string>PBXFileReference</string>
			<key>lastKnownFileType</key>
			<string>sourcecode.c.objc</string>
			<key>path</key>
			<string>KxIntroViewController.m</string>
			<key>sourceTree</key>
			<string>&lt;group&gt;</string>
		</dict>
		<key>4FEFE02E17E7AE48004AF076</key>
		<dict>
			<key>fileEncoding</key>
			<string>4</string>
			<key>isa</key>
			<string>PBXFileReference</string>
			<key>lastKnownFileType</key>
			<string>sourcecode.c.h</string>
			<key>path</key>
			<string>KxIntroViewPage.h</string>
			<key>sourceTree</key>
			<string>&lt;group&gt;</string>
		</dict>
		<key>4FEFE02F17E7AE48004AF076</key>
		<dict>
			<key>fileEncoding</key>
			<string>4</string>
			<key>isa</key>
			<string>PBXFileReference</string>
			<key>lastKnownFileType</key>
			<string>sourcecode.c.objc</string>
			<key>path</key>
			<string>KxIntroViewPage.m</string>
			<key>sourceTree</key>
			<string>&lt;group&gt;</string>
		</dict>
		<key>4FEFE03017E7AE48004AF076</key>
		<dict>
			<key>fileRef</key>
			<string>4FEFE02B17E7AE48004AF076</string>
			<key>isa</key>
			<string>PBXBuildFile</string>
		</dict>
		<key>4FEFE03117E7AE48004AF076</key>
		<dict>
			<key>fileRef</key>
			<string>4FEFE02D17E7AE48004AF076</string>
			<key>isa</key>
			<string>PBXBuildFile</string>
		</dict>
		<key>4FEFE03217E7AE48004AF076</key>
		<dict>
			<key>fileRef</key>
			<string>4FEFE02F17E7AE48004AF076</string>
			<key>isa</key>
			<string>PBXBuildFile</string>
		</dict>
		<key>4FEFE03317E7B10A004AF076</key>
		<dict>
			<key>fileEncoding</key>
			<string>4</string>
			<key>isa</key>
			<string>PBXFileReference</string>
			<key>lastKnownFileType</key>
			<string>text.json</string>
			<key>path</key>
			<string>data.json</string>
			<key>sourceTree</key>
			<string>&lt;group&gt;</string>
		</dict>
		<key>4FEFE03417E7B10A004AF076</key>
		<dict>
			<key>fileRef</key>
			<string>4FEFE03317E7B10A004AF076</string>
			<key>isa</key>
			<string>PBXBuildFile</string>
		</dict>
		<key>4FEFE03517E8D81D004AF076</key>
		<dict>
			<key>children</key>
			<array>
				<string>4FDFE0C417F9DC55008D31D4</string>
				<string>4F69F7A017F4CB61007D6510</string>
				<string>4F69F7A117F4CB61007D6510</string>
				<string>4F69F79E17F4CB3E007D6510</string>
				<string>4FFA9C0A17F391F300F6FF32</string>
				<string>4FFA9C0B17F391F300F6FF32</string>
			</array>
			<key>isa</key>
			<string>PBXGroup</string>
			<key>name</key>
			<string>Resources</string>
			<key>sourceTree</key>
			<string>&lt;group&gt;</string>
		</dict>
		<key>4FEFE03817E8D8DC004AF076</key>
		<dict>
			<key>fileEncoding</key>
			<string>4</string>
			<key>isa</key>
			<string>PBXFileReference</string>
			<key>lastKnownFileType</key>
			<string>sourcecode.c.h</string>
			<key>name</key>
			<string>MFManager.h</string>
			<key>path</key>
			<string>Utilities/MFManager.h</string>
			<key>sourceTree</key>
			<string>&lt;group&gt;</string>
		</dict>
		<key>4FEFE03917E8D8DC004AF076</key>
		<dict>
			<key>fileEncoding</key>
			<string>4</string>
			<key>isa</key>
			<string>PBXFileReference</string>
			<key>lastKnownFileType</key>
			<string>sourcecode.c.objc</string>
			<key>name</key>
			<string>MFManager.m</string>
			<key>path</key>
			<string>Utilities/MFManager.m</string>
			<key>sourceTree</key>
			<string>&lt;group&gt;</string>
		</dict>
		<key>4FEFE03A17E8D8DC004AF076</key>
		<dict>
			<key>fileRef</key>
			<string>4FEFE03917E8D8DC004AF076</string>
			<key>isa</key>
			<string>PBXBuildFile</string>
		</dict>
		<key>4FEFE03B17E8DCED004AF076</key>
		<dict>
			<key>fileEncoding</key>
			<string>4</string>
			<key>isa</key>
			<string>PBXFileReference</string>
			<key>lastKnownFileType</key>
			<string>sourcecode.c.h</string>
			<key>name</key>
			<string>MFUtilities.h</string>
			<key>path</key>
			<string>Utilities/MFUtilities.h</string>
			<key>sourceTree</key>
			<string>&lt;group&gt;</string>
		</dict>
		<key>4FEFE03C17E8DCED004AF076</key>
		<dict>
			<key>fileEncoding</key>
			<string>4</string>
			<key>isa</key>
			<string>PBXFileReference</string>
			<key>lastKnownFileType</key>
			<string>sourcecode.c.objc</string>
			<key>name</key>
			<string>MFUtilities.m</string>
			<key>path</key>
			<string>Utilities/MFUtilities.m</string>
			<key>sourceTree</key>
			<string>&lt;group&gt;</string>
		</dict>
		<key>4FEFE03D17E8DCED004AF076</key>
		<dict>
			<key>fileRef</key>
			<string>4FEFE03C17E8DCED004AF076</string>
			<key>isa</key>
			<string>PBXBuildFile</string>
		</dict>
		<key>4FEFE03E17E8E0E1004AF076</key>
		<dict>
			<key>isa</key>
			<string>PBXFileReference</string>
			<key>lastKnownFileType</key>
			<string>wrapper.framework</string>
			<key>name</key>
			<string>QuartzCore.framework</string>
			<key>path</key>
			<string>System/Library/Frameworks/QuartzCore.framework</string>
			<key>sourceTree</key>
			<string>SDKROOT</string>
		</dict>
		<key>4FEFE03F17E8E0E1004AF076</key>
		<dict>
			<key>fileRef</key>
			<string>4FEFE03E17E8E0E1004AF076</string>
			<key>isa</key>
			<string>PBXBuildFile</string>
		</dict>
		<key>4FEFE04017E8E299004AF076</key>
		<dict>
			<key>children</key>
			<array>
				<string>4F14C1F217999FD90043B1D4</string>
				<string>4F14C1F317999FD90043B1D4</string>
			</array>
			<key>isa</key>
			<string>PBXGroup</string>
			<key>name</key>
			<string>Delegate</string>
			<key>sourceTree</key>
			<string>&lt;group&gt;</string>
		</dict>
		<key>4FEFE04117E8E2A6004AF076</key>
		<dict>
			<key>children</key>
			<array>
				<string>4F14C1FB17999FD90043B1D4</string>
				<string>4F14C1FC17999FD90043B1D4</string>
				<string>4FFA9C0417F2381900F6FF32</string>
			</array>
			<key>isa</key>
			<string>PBXGroup</string>
			<key>name</key>
			<string>Main Map</string>
			<key>sourceTree</key>
			<string>&lt;group&gt;</string>
		</dict>
		<key>4FEFE04217E8ED4B004AF076</key>
		<dict>
			<key>children</key>
			<array>
				<string>4F97803317A31C7A0093294A</string>
				<string>4F97803417A31C7A0093294A</string>
				<string>4F97803517A31C7A0093294A</string>
			</array>
			<key>isa</key>
			<string>PBXGroup</string>
			<key>name</key>
			<string>Practice Controller</string>
			<key>sourceTree</key>
			<string>&lt;group&gt;</string>
		</dict>
		<key>4FEFE04317E8FD0F004AF076</key>
		<dict>
			<key>fileEncoding</key>
			<string>4</string>
			<key>isa</key>
			<string>PBXFileReference</string>
			<key>lastKnownFileType</key>
			<string>sourcecode.c.h</string>
			<key>path</key>
			<string>NumberLineView.h</string>
			<key>sourceTree</key>
			<string>&lt;group&gt;</string>
		</dict>
		<key>4FEFE04417E8FD0F004AF076</key>
		<dict>
			<key>fileEncoding</key>
			<string>4</string>
			<key>isa</key>
			<string>PBXFileReference</string>
			<key>lastKnownFileType</key>
			<string>sourcecode.c.objc</string>
			<key>path</key>
			<string>NumberLineView.m</string>
			<key>sourceTree</key>
			<string>&lt;group&gt;</string>
		</dict>
		<key>4FEFE04517E8FD0F004AF076</key>
		<dict>
			<key>fileRef</key>
			<string>4FEFE04417E8FD0F004AF076</string>
			<key>isa</key>
			<string>PBXBuildFile</string>
		</dict>
		<key>4FEFE04617EA2D05004AF076</key>
		<dict>
			<key>children</key>
			<array>
				<string>4FEFE04717EA2D05004AF076</string>
				<string>4FEFE04817EA2D05004AF076</string>
			</array>
			<key>isa</key>
			<string>PBXGroup</string>
			<key>path</key>
			<string>UIBAlertView</string>
			<key>sourceTree</key>
			<string>&lt;group&gt;</string>
		</dict>
		<key>4FEFE04717EA2D05004AF076</key>
		<dict>
			<key>fileEncoding</key>
			<string>4</string>
			<key>isa</key>
			<string>PBXFileReference</string>
			<key>lastKnownFileType</key>
			<string>sourcecode.c.h</string>
			<key>path</key>
			<string>UIBAlertView.h</string>
			<key>sourceTree</key>
			<string>&lt;group&gt;</string>
		</dict>
		<key>4FEFE04817EA2D05004AF076</key>
		<dict>
			<key>fileEncoding</key>
			<string>4</string>
			<key>isa</key>
			<string>PBXFileReference</string>
			<key>lastKnownFileType</key>
			<string>sourcecode.c.objc</string>
			<key>path</key>
			<string>UIBAlertView.m</string>
			<key>sourceTree</key>
			<string>&lt;group&gt;</string>
		</dict>
		<key>4FEFE04917EA2D05004AF076</key>
		<dict>
			<key>fileRef</key>
			<string>4FEFE04817EA2D05004AF076</string>
			<key>isa</key>
			<string>PBXBuildFile</string>
		</dict>
		<key>4FEFE04A17EA3142004AF076</key>
		<dict>
			<key>fileEncoding</key>
			<string>4</string>
			<key>isa</key>
			<string>PBXFileReference</string>
			<key>lastKnownFileType</key>
			<string>sourcecode.c.h</string>
			<key>name</key>
			<string>DataManager.h</string>
			<key>path</key>
			<string>Utilities/DataManager.h</string>
			<key>sourceTree</key>
			<string>&lt;group&gt;</string>
		</dict>
		<key>4FEFE04B17EA3142004AF076</key>
		<dict>
			<key>fileEncoding</key>
			<string>4</string>
			<key>isa</key>
			<string>PBXFileReference</string>
			<key>lastKnownFileType</key>
			<string>sourcecode.c.objc</string>
			<key>name</key>
			<string>DataManager.m</string>
			<key>path</key>
			<string>Utilities/DataManager.m</string>
			<key>sourceTree</key>
			<string>&lt;group&gt;</string>
		</dict>
		<key>4FEFE04C17EA3142004AF076</key>
		<dict>
			<key>fileRef</key>
			<string>4FEFE04B17EA3142004AF076</string>
			<key>isa</key>
			<string>PBXBuildFile</string>
		</dict>
		<key>4FEFE04D17EA5324004AF076</key>
		<dict>
			<key>fileEncoding</key>
			<string>4</string>
			<key>isa</key>
			<string>PBXFileReference</string>
			<key>lastKnownFileType</key>
			<string>sourcecode.c.h</string>
			<key>name</key>
			<string>MFFraction.h</string>
			<key>path</key>
			<string>Utilities/MFFraction.h</string>
			<key>sourceTree</key>
			<string>&lt;group&gt;</string>
		</dict>
		<key>4FEFE04E17EA5324004AF076</key>
		<dict>
			<key>fileEncoding</key>
			<string>4</string>
			<key>isa</key>
			<string>PBXFileReference</string>
			<key>lastKnownFileType</key>
			<string>sourcecode.c.objc</string>
			<key>name</key>
			<string>MFFraction.m</string>
			<key>path</key>
			<string>Utilities/MFFraction.m</string>
			<key>sourceTree</key>
			<string>&lt;group&gt;</string>
		</dict>
		<key>4FEFE04F17EA5324004AF076</key>
		<dict>
			<key>fileRef</key>
			<string>4FEFE04E17EA5324004AF076</string>
			<key>isa</key>
			<string>PBXBuildFile</string>
		</dict>
		<key>4FFA9C0417F2381900F6FF32</key>
		<dict>
			<key>fileEncoding</key>
			<string>4</string>
			<key>isa</key>
			<string>PBXFileReference</string>
			<key>lastKnownFileType</key>
			<string>file.xib</string>
			<key>path</key>
			<string>MFViewController.xib</string>
			<key>sourceTree</key>
			<string>&lt;group&gt;</string>
		</dict>
		<key>4FFA9C0517F2381900F6FF32</key>
		<dict>
			<key>fileRef</key>
			<string>4FFA9C0417F2381900F6FF32</string>
			<key>isa</key>
			<string>PBXBuildFile</string>
		</dict>
		<key>4FFA9C0A17F391F300F6FF32</key>
		<dict>
			<key>isa</key>
			<string>PBXFileReference</string>
			<key>lastKnownFileType</key>
			<string>image.png</string>
			<key>path</key>
			<string>scaleleft.png</string>
			<key>sourceTree</key>
			<string>&lt;group&gt;</string>
		</dict>
		<key>4FFA9C0B17F391F300F6FF32</key>
		<dict>
			<key>isa</key>
			<string>PBXFileReference</string>
			<key>lastKnownFileType</key>
			<string>image.png</string>
			<key>path</key>
			<string>scaleright.png</string>
			<key>sourceTree</key>
			<string>&lt;group&gt;</string>
		</dict>
		<key>4FFA9C0C17F391F300F6FF32</key>
		<dict>
			<key>fileRef</key>
			<string>4FFA9C0A17F391F300F6FF32</string>
			<key>isa</key>
			<string>PBXBuildFile</string>
		</dict>
		<key>4FFA9C0D17F391F300F6FF32</key>
		<dict>
			<key>fileRef</key>
			<string>4FFA9C0B17F391F300F6FF32</string>
			<key>isa</key>
			<string>PBXBuildFile</string>
		</dict>
		<key>92476B46B9424E2681235AE4</key>
		<dict>
			<key>buildActionMask</key>
			<string>2147483647</string>
			<key>files</key>
			<array/>
			<key>inputPaths</key>
			<array/>
			<key>isa</key>
			<string>PBXShellScriptBuildPhase</string>
			<key>name</key>
			<string>Copy Pods Resources</string>
			<key>outputPaths</key>
			<array/>
			<key>runOnlyForDeploymentPostprocessing</key>
			<string>0</string>
			<key>shellPath</key>
			<string>/bin/sh</string>
			<key>shellScript</key>
			<string>"${SRCROOT}/Pods/Pods-resources.sh"
</string>
			<key>showEnvVarsInLog</key>
			<string>0</string>
		</dict>
		<key>A6EC6446E55741C89ACA59A2</key>
		<dict>
			<key>fileRef</key>
			<string>CDAA783D0BE8466CA2DC1E4B</string>
			<key>isa</key>
			<string>PBXBuildFile</string>
		</dict>
		<key>CBFF98B194E54FCC84077702</key>
		<dict>
			<key>buildActionMask</key>
			<string>2147483647</string>
			<key>files</key>
			<array/>
			<key>inputPaths</key>
			<array/>
			<key>isa</key>
			<string>PBXShellScriptBuildPhase</string>
			<key>name</key>
			<string>Check Pods Manifest.lock</string>
			<key>outputPaths</key>
			<array/>
			<key>runOnlyForDeploymentPostprocessing</key>
			<string>0</string>
			<key>shellPath</key>
			<string>/bin/sh</string>
			<key>shellScript</key>
			<string>diff "${PODS_ROOT}/../Podfile.lock" "${PODS_ROOT}/Manifest.lock" &gt; /dev/null
if [[ $? != 0 ]] ; then
    cat &lt;&lt; EOM
error: The sandbox is not in sync with the Podfile.lock. Run 'pod install' or update your CocoaPods installation.
EOM
    exit 1
fi
</string>
			<key>showEnvVarsInLog</key>
			<string>0</string>
		</dict>
		<key>CDAA783D0BE8466CA2DC1E4B</key>
		<dict>
			<key>explicitFileType</key>
			<string>archive.ar</string>
			<key>includeInIndex</key>
			<string>0</string>
			<key>isa</key>
			<string>PBXFileReference</string>
			<key>path</key>
			<string>libPods.a</string>
			<key>sourceTree</key>
			<string>BUILT_PRODUCTS_DIR</string>
		</dict>
	</dict>
	<key>rootObject</key>
	<string>4F14C1D817999FD80043B1D4</string>
</dict>
</plist>
